
Microsoft Visual Studio Solution File, Format Version 12.00
# Visual Studio 15
VisualStudioVersion = 15.0.28307.329
MinimumVisualStudioVersion = 10.0.40219.1
Project("{FAE04EC0-301F-11D3-BF4B-00C04F79EFBC}") = "Indexers_", "Indexers_\Indexers_.csproj", "{3F1539DC-271E-4B5A-A254-F1CD69BA8596}"
EndProject
Project("{FAE04EC0-301F-11D3-BF4B-00C04F79EFBC}") = "Indexers_2", "Indexer_2\Indexers_2.csproj", "{FEA09E63-E2B4-479A-AC8F-13FDD5F33DBD}"
EndProject
Global
	GlobalSection(SolutionConfigurationPlatforms) = preSolution
		Debug|Any CPU = Debug|Any CPU
		Release|Any CPU = Release|Any CPU
	EndGlobalSection
	GlobalSection(ProjectConfigurationPlatforms) = postSolution
		{3F1539DC-271E-4B5A-A254-F1CD69BA8596}.Debug|Any CPU.ActiveCfg = Debug|Any CPU
		{3F1539DC-271E-4B5A-A254-F1CD69BA8596}.Debug|Any CPU.Build.0 = Debug|Any CPU
		{3F1539DC-271E-4B5A-A254-F1CD69BA8596}.Release|Any CPU.ActiveCfg = Release|Any CPU
		{3F1539DC-271E-4B5A-A254-F1CD69BA8596}.Release|Any CPU.Build.0 = Release|Any CPU
		{FEA09E63-E2B4-479A-AC8F-13FDD5F33DBD}.Debug|Any CPU.ActiveCfg = Debug|Any CPU
		{FEA09E63-E2B4-479A-AC8F-13FDD5F33DBD}.Debug|Any CPU.Build.0 = Debug|Any CPU
		{FEA09E63-E2B4-479A-AC8F-13FDD5F33DBD}.Release|Any CPU.ActiveCfg = Release|Any CPU
		{FEA09E63-E2B4-479A-AC8F-13FDD5F33DBD}.Release|Any CPU.Build.0 = Release|Any CPU
	EndGlobalSection
	GlobalSection(SolutionProperties) = preSolution
		HideSolutionNode = FALSE
	EndGlobalSection
	GlobalSection(ExtensibilityGlobals) = postSolution
		SolutionGuid = {3FBB43F4-63C2-4C77-B3E2-2D391062C829}
	EndGlobalSection
EndGlobal
